
Microsoft Visual Studio Solution File, Format Version 12.00
# Visual Studio Version 17
VisualStudioVersion = 17.5.002.0
MinimumVisualStudioVersion = 10.0.40219.1
Project("{9A19103F-16F7-4668-BE54-9A1E7A4F7556}") = "Final_control_work", "Final_control_work.csproj", "{7C84CA17-7749-4F84-B2B0-95827D38DB4D}"
EndProject
Global
	GlobalSection(SolutionConfigurationPlatforms) = preSolution
		Debug|Any CPU = Debug|Any CPU
		Release|Any CPU = Release|Any CPU
	EndGlobalSection
	GlobalSection(ProjectConfigurationPlatforms) = postSolution
		{7C84CA17-7749-4F84-B2B0-95827D38DB4D}.Debug|Any CPU.ActiveCfg = Debug|Any CPU
		{7C84CA17-7749-4F84-B2B0-95827D38DB4D}.Debug|Any CPU.Build.0 = Debug|Any CPU
		{7C84CA17-7749-4F84-B2B0-95827D38DB4D}.Release|Any CPU.ActiveCfg = Release|Any CPU
		{7C84CA17-7749-4F84-B2B0-95827D38DB4D}.Release|Any CPU.Build.0 = Release|Any CPU
	EndGlobalSection
	GlobalSection(SolutionProperties) = preSolution
		HideSolutionNode = FALSE
	EndGlobalSection
	GlobalSection(ExtensibilityGlobals) = postSolution
		SolutionGuid = {F8ECF271-CB86-41AE-8C0F-50E3813F1C33}
	EndGlobalSection
EndGlobal
